// !$*UTF8*$!
{
	archiveVersion = 1;
	classes = {
	};
	objectVersion = 46;
	objects = {

/* Begin PBXBuildFile section */
		51151930157FA071003D3BB4 /* NSFileManager+DirectoryLocations.m in Sources */ = {isa = PBXBuildFile; fileRef = 5115192F157FA071003D3BB4 /* NSFileManager+DirectoryLocations.m */; };
		5147E45A15791D5A00932040 /* ShortcutTableViewController.m in Sources */ = {isa = PBXBuildFile; fileRef = 5147E45915791D5A00932040 /* ShortcutTableViewController.m */; };
		5158BDB21568111A00EEBAD6 /* Cocoa.framework in Frameworks */ = {isa = PBXBuildFile; fileRef = 5158BDB11568111A00EEBAD6 /* Cocoa.framework */; };
		5158BDBC1568111A00EEBAD6 /* InfoPlist.strings in Resources */ = {isa = PBXBuildFile; fileRef = 5158BDBA1568111A00EEBAD6 /* InfoPlist.strings */; };
		5158BDBE1568111A00EEBAD6 /* main.m in Sources */ = {isa = PBXBuildFile; fileRef = 5158BDBD1568111A00EEBAD6 /* main.m */; };
		5158BDC51568111A00EEBAD6 /* AppDelegate.m in Sources */ = {isa = PBXBuildFile; fileRef = 5158BDC41568111A00EEBAD6 /* AppDelegate.m */; };
		5158BDC81568111A00EEBAD6 /* MainMenu.xib in Resources */ = {isa = PBXBuildFile; fileRef = 5158BDC61568111A00EEBAD6 /* MainMenu.xib */; };
		5158BDEF1568CB1800EEBAD6 /* KeyboardHandler.m in Sources */ = {isa = PBXBuildFile; fileRef = 5158BDEE1568CB1800EEBAD6 /* KeyboardHandler.m */; };
		516BEA6215726BC70085B4BA /* Preferences.xib in Resources */ = {isa = PBXBuildFile; fileRef = 516BEA6415726BC70085B4BA /* Preferences.xib */; };
		5189A8DF1570CA5100327B99 /* PreferencesController.m in Sources */ = {isa = PBXBuildFile; fileRef = 5189A8DE1570CA5100327B99 /* PreferencesController.m */; };
		5189A8F41570CEE400327B99 /* ShortcutRecorder.strings in Resources */ = {isa = PBXBuildFile; fileRef = 5189A8F21570CEE400327B99 /* ShortcutRecorder.strings */; };
		5189A8F61570D81800327B99 /* Carbon.framework in Frameworks */ = {isa = PBXBuildFile; fileRef = 5189A8F51570D81800327B99 /* Carbon.framework */; };
		5189A9061570ECB800327B99 /* SRCommon.m in Sources */ = {isa = PBXBuildFile; fileRef = 5189A8FD1570ECB800327B99 /* SRCommon.m */; };
		5189A9071570ECB800327B99 /* SRKeyCodeTransformer.m in Sources */ = {isa = PBXBuildFile; fileRef = 5189A8FF1570ECB800327B99 /* SRKeyCodeTransformer.m */; };
		5189A9081570ECB800327B99 /* SRRecorderCell.m in Sources */ = {isa = PBXBuildFile; fileRef = 5189A9011570ECB800327B99 /* SRRecorderCell.m */; };
		5189A9091570ECB800327B99 /* SRRecorderControl.m in Sources */ = {isa = PBXBuildFile; fileRef = 5189A9031570ECB800327B99 /* SRRecorderControl.m */; };
		5189A90A1570ECB800327B99 /* SRValidator.m in Sources */ = {isa = PBXBuildFile; fileRef = 5189A9051570ECB800327B99 /* SRValidator.m */; };
		5189A91415711B7F00327B99 /* PTHotKey.m in Sources */ = {isa = PBXBuildFile; fileRef = 5189A90D15711B7F00327B99 /* PTHotKey.m */; };
		5189A91515711B7F00327B99 /* PTHotKeyCenter.m in Sources */ = {isa = PBXBuildFile; fileRef = 5189A90F15711B7F00327B99 /* PTHotKeyCenter.m */; };
		5189A91615711B7F00327B99 /* PTKeyCodeTranslator.m in Sources */ = {isa = PBXBuildFile; fileRef = 5189A91115711B7F00327B99 /* PTKeyCodeTranslator.m */; };
		5189A91715711B7F00327B99 /* PTKeyCombo.m in Sources */ = {isa = PBXBuildFile; fileRef = 5189A91315711B7F00327B99 /* PTKeyCombo.m */; };
		5189A9221571CC2200327B99 /* AppData.m in Sources */ = {isa = PBXBuildFile; fileRef = 5189A9211571CC2200327B99 /* AppData.m */; };
		51F8A4DC1577D41900D42909 /* ShortcutSetting.m in Sources */ = {isa = PBXBuildFile; fileRef = 51F8A4DB1577D41900D42909 /* ShortcutSetting.m */; };
/* End PBXBuildFile section */

/* Begin PBXFileReference section */
		5115192E157FA071003D3BB4 /* NSFileManager+DirectoryLocations.h */ = {isa = PBXFileReference; fileEncoding = 4; lastKnownFileType = sourcecode.c.h; path = "NSFileManager+DirectoryLocations.h"; sourceTree = "<group>"; };
		5115192F157FA071003D3BB4 /* NSFileManager+DirectoryLocations.m */ = {isa = PBXFileReference; fileEncoding = 4; lastKnownFileType = sourcecode.c.objc; path = "NSFileManager+DirectoryLocations.m"; sourceTree = "<group>"; };
		5147E45815791D5A00932040 /* ShortcutTableViewController.h */ = {isa = PBXFileReference; fileEncoding = 4; lastKnownFileType = sourcecode.c.h; path = ShortcutTableViewController.h; sourceTree = "<group>"; };
		5147E45915791D5A00932040 /* ShortcutTableViewController.m */ = {isa = PBXFileReference; fileEncoding = 4; lastKnownFileType = sourcecode.c.objc; path = ShortcutTableViewController.m; sourceTree = "<group>"; };
		5158BDAD1568111A00EEBAD6 /* NAKL.app */ = {isa = PBXFileReference; explicitFileType = wrapper.application; includeInIndex = 0; path = NAKL.app; sourceTree = BUILT_PRODUCTS_DIR; };
		5158BDB11568111A00EEBAD6 /* Cocoa.framework */ = {isa = PBXFileReference; lastKnownFileType = wrapper.framework; name = Cocoa.framework; path = System/Library/Frameworks/Cocoa.framework; sourceTree = SDKROOT; };
		5158BDB41568111A00EEBAD6 /* AppKit.framework */ = {isa = PBXFileReference; lastKnownFileType = wrapper.framework; name = AppKit.framework; path = System/Library/Frameworks/AppKit.framework; sourceTree = SDKROOT; };
		5158BDB51568111A00EEBAD6 /* CoreData.framework */ = {isa = PBXFileReference; lastKnownFileType = wrapper.framework; name = CoreData.framework; path = System/Library/Frameworks/CoreData.framework; sourceTree = SDKROOT; };
		5158BDB61568111A00EEBAD6 /* Foundation.framework */ = {isa = PBXFileReference; lastKnownFileType = wrapper.framework; name = Foundation.framework; path = System/Library/Frameworks/Foundation.framework; sourceTree = SDKROOT; };
		5158BDBB1568111A00EEBAD6 /* en */ = {isa = PBXFileReference; lastKnownFileType = text.plist.strings; name = en; path = en.lproj/InfoPlist.strings; sourceTree = "<group>"; };
		5158BDBD1568111A00EEBAD6 /* main.m */ = {isa = PBXFileReference; lastKnownFileType = sourcecode.c.objc; path = main.m; sourceTree = "<group>"; };
		5158BDBF1568111A00EEBAD6 /* NAKL-Prefix.pch */ = {isa = PBXFileReference; lastKnownFileType = sourcecode.c.h; path = "NAKL-Prefix.pch"; sourceTree = "<group>"; };
		5158BDC31568111A00EEBAD6 /* AppDelegate.h */ = {isa = PBXFileReference; lastKnownFileType = sourcecode.c.h; path = AppDelegate.h; sourceTree = "<group>"; };
		5158BDC41568111A00EEBAD6 /* AppDelegate.m */ = {isa = PBXFileReference; lastKnownFileType = sourcecode.c.objc; path = AppDelegate.m; sourceTree = "<group>"; };
		5158BDC71568111A00EEBAD6 /* en */ = {isa = PBXFileReference; lastKnownFileType = file.xib; name = en; path = en.lproj/MainMenu.xib; sourceTree = "<group>"; };
		5158BDE51568A6EB00EEBAD6 /* utf.h */ = {isa = PBXFileReference; lastKnownFileType = sourcecode.c.h; path = utf.h; sourceTree = "<group>"; };
		5158BDEC1568A78800EEBAD6 /* keymap.h */ = {isa = PBXFileReference; lastKnownFileType = sourcecode.c.h; path = keymap.h; sourceTree = "<group>"; };
		5158BDED1568CB1800EEBAD6 /* KeyboardHandler.h */ = {isa = PBXFileReference; fileEncoding = 4; lastKnownFileType = sourcecode.c.h; path = KeyboardHandler.h; sourceTree = "<group>"; };
		5158BDEE1568CB1800EEBAD6 /* KeyboardHandler.m */ = {isa = PBXFileReference; fileEncoding = 4; lastKnownFileType = sourcecode.c.objc; path = KeyboardHandler.m; sourceTree = "<group>"; };
		516BEA5D15726A7B0085B4BA /* en */ = {isa = PBXFileReference; lastKnownFileType = text.plist.xml; name = en; path = "en.lproj/NAKL-Info.plist"; sourceTree = "<group>"; };
		516BEA6115726BA20085B4BA /* vi */ = {isa = PBXFileReference; lastKnownFileType = text.plist.xml; name = vi; path = "vi.lproj/NAKL-Info.plist"; sourceTree = "<group>"; };
		516BEA6315726BC70085B4BA /* en */ = {isa = PBXFileReference; lastKnownFileType = file.xib; name = en; path = en.lproj/Preferences.xib; sourceTree = "<group>"; };
		516BEA6515726BDD0085B4BA /* vi */ = {isa = PBXFileReference; lastKnownFileType = file.xib; name = vi; path = vi.lproj/Preferences.xib; sourceTree = "<group>"; };
		5189A8DC1570C31100327B99 /* telex-standard.h */ = {isa = PBXFileReference; fileEncoding = 4; lastKnownFileType = sourcecode.c.h; path = "telex-standard.h"; sourceTree = "<group>"; };
		5189A8DD1570CA5100327B99 /* PreferencesController.h */ = {isa = PBXFileReference; fileEncoding = 4; lastKnownFileType = sourcecode.c.h; path = PreferencesController.h; sourceTree = "<group>"; };
		5189A8DE1570CA5100327B99 /* PreferencesController.m */ = {isa = PBXFileReference; fileEncoding = 4; lastKnownFileType = sourcecode.c.objc; path = PreferencesController.m; sourceTree = "<group>"; };
		5189A8F31570CEE400327B99 /* en */ = {isa = PBXFileReference; lastKnownFileType = text.plist.strings; name = en; path = en.lproj/ShortcutRecorder.strings; sourceTree = "<group>"; };
		5189A8F51570D81800327B99 /* Carbon.framework */ = {isa = PBXFileReference; lastKnownFileType = wrapper.framework; name = Carbon.framework; path = System/Library/Frameworks/Carbon.framework; sourceTree = SDKROOT; };
		5189A8FC1570ECB800327B99 /* SRCommon.h */ = {isa = PBXFileReference; fileEncoding = 4; lastKnownFileType = sourcecode.c.h; name = SRCommon.h; path = ShortcutRecorder/SRCommon.h; sourceTree = "<group>"; };
		5189A8FD1570ECB800327B99 /* SRCommon.m */ = {isa = PBXFileReference; fileEncoding = 4; lastKnownFileType = sourcecode.c.objc; name = SRCommon.m; path = ShortcutRecorder/SRCommon.m; sourceTree = "<group>"; };
		5189A8FE1570ECB800327B99 /* SRKeyCodeTransformer.h */ = {isa = PBXFileReference; fileEncoding = 4; lastKnownFileType = sourcecode.c.h; name = SRKeyCodeTransformer.h; path = ShortcutRecorder/SRKeyCodeTransformer.h; sourceTree = "<group>"; };
		5189A8FF1570ECB800327B99 /* SRKeyCodeTransformer.m */ = {isa = PBXFileReference; fileEncoding = 4; lastKnownFileType = sourcecode.c.objc; name = SRKeyCodeTransformer.m; path = ShortcutRecorder/SRKeyCodeTransformer.m; sourceTree = "<group>"; };
		5189A9001570ECB800327B99 /* SRRecorderCell.h */ = {isa = PBXFileReference; fileEncoding = 4; lastKnownFileType = sourcecode.c.h; name = SRRecorderCell.h; path = ShortcutRecorder/SRRecorderCell.h; sourceTree = "<group>"; };
		5189A9011570ECB800327B99 /* SRRecorderCell.m */ = {isa = PBXFileReference; fileEncoding = 4; lastKnownFileType = sourcecode.c.objc; name = SRRecorderCell.m; path = ShortcutRecorder/SRRecorderCell.m; sourceTree = "<group>"; };
		5189A9021570ECB800327B99 /* SRRecorderControl.h */ = {isa = PBXFileReference; fileEncoding = 4; lastKnownFileType = sourcecode.c.h; name = SRRecorderControl.h; path = ShortcutRecorder/SRRecorderControl.h; sourceTree = "<group>"; };
		5189A9031570ECB800327B99 /* SRRecorderControl.m */ = {isa = PBXFileReference; fileEncoding = 4; lastKnownFileType = sourcecode.c.objc; name = SRRecorderControl.m; path = ShortcutRecorder/SRRecorderControl.m; sourceTree = "<group>"; };
		5189A9041570ECB800327B99 /* SRValidator.h */ = {isa = PBXFileReference; fileEncoding = 4; lastKnownFileType = sourcecode.c.h; name = SRValidator.h; path = ShortcutRecorder/SRValidator.h; sourceTree = "<group>"; };
		5189A9051570ECB800327B99 /* SRValidator.m */ = {isa = PBXFileReference; fileEncoding = 4; lastKnownFileType = sourcecode.c.objc; name = SRValidator.m; path = ShortcutRecorder/SRValidator.m; sourceTree = "<group>"; };
		5189A90C15711B7F00327B99 /* PTHotKey.h */ = {isa = PBXFileReference; fileEncoding = 4; lastKnownFileType = sourcecode.c.h; name = PTHotKey.h; path = HotKey/PTHotKey.h; sourceTree = "<group>"; };
		5189A90D15711B7F00327B99 /* PTHotKey.m */ = {isa = PBXFileReference; fileEncoding = 4; lastKnownFileType = sourcecode.c.objc; name = PTHotKey.m; path = HotKey/PTHotKey.m; sourceTree = "<group>"; };
		5189A90E15711B7F00327B99 /* PTHotKeyCenter.h */ = {isa = PBXFileReference; fileEncoding = 4; lastKnownFileType = sourcecode.c.h; name = PTHotKeyCenter.h; path = HotKey/PTHotKeyCenter.h; sourceTree = "<group>"; };
		5189A90F15711B7F00327B99 /* PTHotKeyCenter.m */ = {isa = PBXFileReference; fileEncoding = 4; lastKnownFileType = sourcecode.c.objc; name = PTHotKeyCenter.m; path = HotKey/PTHotKeyCenter.m; sourceTree = "<group>"; };
		5189A91015711B7F00327B99 /* PTKeyCodeTranslator.h */ = {isa = PBXFileReference; fileEncoding = 4; lastKnownFileType = sourcecode.c.h; name = PTKeyCodeTranslator.h; path = HotKey/PTKeyCodeTranslator.h; sourceTree = "<group>"; };
		5189A91115711B7F00327B99 /* PTKeyCodeTranslator.m */ = {isa = PBXFileReference; fileEncoding = 4; lastKnownFileType = sourcecode.c.objc; name = PTKeyCodeTranslator.m; path = HotKey/PTKeyCodeTranslator.m; sourceTree = "<group>"; };
		5189A91215711B7F00327B99 /* PTKeyCombo.h */ = {isa = PBXFileReference; fileEncoding = 4; lastKnownFileType = sourcecode.c.h; name = PTKeyCombo.h; path = HotKey/PTKeyCombo.h; sourceTree = "<group>"; };
		5189A91315711B7F00327B99 /* PTKeyCombo.m */ = {isa = PBXFileReference; fileEncoding = 4; lastKnownFileType = sourcecode.c.objc; name = PTKeyCombo.m; path = HotKey/PTKeyCombo.m; sourceTree = "<group>"; };
		5189A9201571CC2200327B99 /* AppData.h */ = {isa = PBXFileReference; fileEncoding = 4; lastKnownFileType = sourcecode.c.h; path = AppData.h; sourceTree = "<group>"; };
		5189A9211571CC2200327B99 /* AppData.m */ = {isa = PBXFileReference; fileEncoding = 4; lastKnownFileType = sourcecode.c.objc; path = AppData.m; sourceTree = "<group>"; };
		5189A9231571CD6D00327B99 /* CWLSynthesizeSingleton.h */ = {isa = PBXFileReference; lastKnownFileType = sourcecode.c.h; path = CWLSynthesizeSingleton.h; sourceTree = "<group>"; };
		51F8A4DA1577D41900D42909 /* ShortcutSetting.h */ = {isa = PBXFileReference; fileEncoding = 4; lastKnownFileType = sourcecode.c.h; path = ShortcutSetting.h; sourceTree = "<group>"; };
		51F8A4DB1577D41900D42909 /* ShortcutSetting.m */ = {isa = PBXFileReference; fileEncoding = 4; lastKnownFileType = sourcecode.c.objc; path = ShortcutSetting.m; sourceTree = "<group>"; };
/* End PBXFileReference section */

/* Begin PBXFrameworksBuildPhase section */
		5158BDAA1568111A00EEBAD6 /* Frameworks */ = {
			isa = PBXFrameworksBuildPhase;
			buildActionMask = 2147483647;
			files = (
				5189A8F61570D81800327B99 /* Carbon.framework in Frameworks */,
				5158BDB21568111A00EEBAD6 /* Cocoa.framework in Frameworks */,
			);
			runOnlyForDeploymentPostprocessing = 0;
		};
/* End PBXFrameworksBuildPhase section */

/* Begin PBXGroup section */
		5115192D157FA037003D3BB4 /* Utils */ = {
			isa = PBXGroup;
			children = (
				5115192E157FA071003D3BB4 /* NSFileManager+DirectoryLocations.h */,
				5115192F157FA071003D3BB4 /* NSFileManager+DirectoryLocations.m */,
			);
			name = Utils;
			sourceTree = "<group>";
		};
		5158BDA21568111A00EEBAD6 = {
			isa = PBXGroup;
			children = (
				5158BDB71568111A00EEBAD6 /* NAKL */,
				5158BDB01568111A00EEBAD6 /* Frameworks */,
				5158BDAE1568111A00EEBAD6 /* Products */,
			);
			sourceTree = "<group>";
		};
		5158BDAE1568111A00EEBAD6 /* Products */ = {
			isa = PBXGroup;
			children = (
				5158BDAD1568111A00EEBAD6 /* NAKL.app */,
			);
			name = Products;
			sourceTree = "<group>";
		};
		5158BDB01568111A00EEBAD6 /* Frameworks */ = {
			isa = PBXGroup;
			children = (
				5189A8F51570D81800327B99 /* Carbon.framework */,
				5158BDB11568111A00EEBAD6 /* Cocoa.framework */,
				5158BDB31568111A00EEBAD6 /* Other Frameworks */,
			);
			name = Frameworks;
			sourceTree = "<group>";
		};
		5158BDB31568111A00EEBAD6 /* Other Frameworks */ = {
			isa = PBXGroup;
			children = (
				5158BDB41568111A00EEBAD6 /* AppKit.framework */,
				5158BDB51568111A00EEBAD6 /* CoreData.framework */,
				5158BDB61568111A00EEBAD6 /* Foundation.framework */,
			);
			name = "Other Frameworks";
			sourceTree = "<group>";
		};
		5158BDB71568111A00EEBAD6 /* NAKL */ = {
			isa = PBXGroup;
			children = (
				5115192D157FA037003D3BB4 /* Utils */,
				51F8A4DF1578FDD200D42909 /* Resources */,
				51F8A4DE1578FDBE00D42909 /* Classes */,
				5189A90B15711B5600327B99 /* HotKey */,
				5189A8FB1570EC9900327B99 /* ShortcutRecorder */,
				5158BDB81568111A00EEBAD6 /* Supporting Files */,
			);
			path = NAKL;
			sourceTree = "<group>";
		};
		5158BDB81568111A00EEBAD6 /* Supporting Files */ = {
			isa = PBXGroup;
			children = (
				5189A8F21570CEE400327B99 /* ShortcutRecorder.strings */,
				516BEA5E15726A7B0085B4BA /* NAKL-Info.plist */,
				5158BDBA1568111A00EEBAD6 /* InfoPlist.strings */,
				5158BDBD1568111A00EEBAD6 /* main.m */,
				5158BDBF1568111A00EEBAD6 /* NAKL-Prefix.pch */,
			);
			name = "Supporting Files";
			sourceTree = "<group>";
		};
		5189A8FB1570EC9900327B99 /* ShortcutRecorder */ = {
			isa = PBXGroup;
			children = (
				5189A8FC1570ECB800327B99 /* SRCommon.h */,
				5189A8FD1570ECB800327B99 /* SRCommon.m */,
				5189A8FE1570ECB800327B99 /* SRKeyCodeTransformer.h */,
				5189A8FF1570ECB800327B99 /* SRKeyCodeTransformer.m */,
				5189A9001570ECB800327B99 /* SRRecorderCell.h */,
				5189A9011570ECB800327B99 /* SRRecorderCell.m */,
				5189A9021570ECB800327B99 /* SRRecorderControl.h */,
				5189A9031570ECB800327B99 /* SRRecorderControl.m */,
				5189A9041570ECB800327B99 /* SRValidator.h */,
				5189A9051570ECB800327B99 /* SRValidator.m */,
			);
			name = ShortcutRecorder;
			sourceTree = "<group>";
		};
		5189A90B15711B5600327B99 /* HotKey */ = {
			isa = PBXGroup;
			children = (
				5189A90C15711B7F00327B99 /* PTHotKey.h */,
				5189A90D15711B7F00327B99 /* PTHotKey.m */,
				5189A90E15711B7F00327B99 /* PTHotKeyCenter.h */,
				5189A90F15711B7F00327B99 /* PTHotKeyCenter.m */,
				5189A91015711B7F00327B99 /* PTKeyCodeTranslator.h */,
				5189A91115711B7F00327B99 /* PTKeyCodeTranslator.m */,
				5189A91215711B7F00327B99 /* PTKeyCombo.h */,
				5189A91315711B7F00327B99 /* PTKeyCombo.m */,
			);
			name = HotKey;
			sourceTree = "<group>";
		};
		51F8A4DE1578FDBE00D42909 /* Classes */ = {
			isa = PBXGroup;
			children = (
				5189A9201571CC2200327B99 /* AppData.h */,
				5189A9211571CC2200327B99 /* AppData.m */,
				5158BDC31568111A00EEBAD6 /* AppDelegate.h */,
				5158BDC41568111A00EEBAD6 /* AppDelegate.m */,
				5189A9231571CD6D00327B99 /* CWLSynthesizeSingleton.h */,
				5158BDED1568CB1800EEBAD6 /* KeyboardHandler.h */,
				5158BDEE1568CB1800EEBAD6 /* KeyboardHandler.m */,
				5158BDEC1568A78800EEBAD6 /* keymap.h */,
				5189A8DD1570CA5100327B99 /* PreferencesController.h */,
				5189A8DE1570CA5100327B99 /* PreferencesController.m */,
				51F8A4DA1577D41900D42909 /* ShortcutSetting.h */,
				51F8A4DB1577D41900D42909 /* ShortcutSetting.m */,
				5189A8DC1570C31100327B99 /* telex-standard.h */,
				5158BDE51568A6EB00EEBAD6 /* utf.h */,
				5147E45815791D5A00932040 /* ShortcutTableViewController.h */,
				5147E45915791D5A00932040 /* ShortcutTableViewController.m */,
			);
			name = Classes;
			sourceTree = "<group>";
		};
		51F8A4DF1578FDD200D42909 /* Resources */ = {
			isa = PBXGroup;
			children = (
				5158BDC61568111A00EEBAD6 /* MainMenu.xib */,
				516BEA6415726BC70085B4BA /* Preferences.xib */,
			);
			name = Resources;
			sourceTree = "<group>";
		};
/* End PBXGroup section */

/* Begin PBXNativeTarget section */
		5158BDAC1568111A00EEBAD6 /* NAKL */ = {
			isa = PBXNativeTarget;
			buildConfigurationList = 5158BDCB1568111A00EEBAD6 /* Build configuration list for PBXNativeTarget "NAKL" */;
			buildPhases = (
				5158BDA91568111A00EEBAD6 /* Sources */,
				5158BDAA1568111A00EEBAD6 /* Frameworks */,
				5158BDAB1568111A00EEBAD6 /* Resources */,
			);
			buildRules = (
			);
			dependencies = (
			);
			name = NAKL;
			productName = NAKL;
			productReference = 5158BDAD1568111A00EEBAD6 /* NAKL.app */;
			productType = "com.apple.product-type.application";
		};
/* End PBXNativeTarget section */

/* Begin PBXProject section */
		5158BDA41568111A00EEBAD6 /* Project object */ = {
			isa = PBXProject;
			attributes = {
				LastUpgradeCheck = 0430;
			};
			buildConfigurationList = 5158BDA71568111A00EEBAD6 /* Build configuration list for PBXProject "NAKL" */;
			compatibilityVersion = "Xcode 3.2";
			developmentRegion = English;
			hasScannedForEncodings = 0;
			knownRegions = (
				en,
				vi,
			);
			mainGroup = 5158BDA21568111A00EEBAD6;
			productRefGroup = 5158BDAE1568111A00EEBAD6 /* Products */;
			projectDirPath = "";
			projectRoot = "";
			targets = (
				5158BDAC1568111A00EEBAD6 /* NAKL */,
			);
		};
/* End PBXProject section */

/* Begin PBXResourcesBuildPhase section */
		5158BDAB1568111A00EEBAD6 /* Resources */ = {
			isa = PBXResourcesBuildPhase;
			buildActionMask = 2147483647;
			files = (
				5158BDBC1568111A00EEBAD6 /* InfoPlist.strings in Resources */,
				5158BDC81568111A00EEBAD6 /* MainMenu.xib in Resources */,
				516BEA6215726BC70085B4BA /* Preferences.xib in Resources */,
				5189A8F41570CEE400327B99 /* ShortcutRecorder.strings in Resources */,
			);
			runOnlyForDeploymentPostprocessing = 0;
		};
/* End PBXResourcesBuildPhase section */

/* Begin PBXSourcesBuildPhase section */
		5158BDA91568111A00EEBAD6 /* Sources */ = {
			isa = PBXSourcesBuildPhase;
			buildActionMask = 2147483647;
			files = (
				5158BDBE1568111A00EEBAD6 /* main.m in Sources */,
				5158BDC51568111A00EEBAD6 /* AppDelegate.m in Sources */,
				5158BDEF1568CB1800EEBAD6 /* KeyboardHandler.m in Sources */,
				5189A8DF1570CA5100327B99 /* PreferencesController.m in Sources */,
				5189A9061570ECB800327B99 /* SRCommon.m in Sources */,
				5189A9071570ECB800327B99 /* SRKeyCodeTransformer.m in Sources */,
				5189A9081570ECB800327B99 /* SRRecorderCell.m in Sources */,
				5189A9091570ECB800327B99 /* SRRecorderControl.m in Sources */,
				5189A90A1570ECB800327B99 /* SRValidator.m in Sources */,
				5189A91415711B7F00327B99 /* PTHotKey.m in Sources */,
				5189A91515711B7F00327B99 /* PTHotKeyCenter.m in Sources */,
				5189A91615711B7F00327B99 /* PTKeyCodeTranslator.m in Sources */,
				5189A91715711B7F00327B99 /* PTKeyCombo.m in Sources */,
				5189A9221571CC2200327B99 /* AppData.m in Sources */,
				51F8A4DC1577D41900D42909 /* ShortcutSetting.m in Sources */,
				5147E45A15791D5A00932040 /* ShortcutTableViewController.m in Sources */,
				51151930157FA071003D3BB4 /* NSFileManager+DirectoryLocations.m in Sources */,
			);
			runOnlyForDeploymentPostprocessing = 0;
		};
/* End PBXSourcesBuildPhase section */

/* Begin PBXVariantGroup section */
		5158BDBA1568111A00EEBAD6 /* InfoPlist.strings */ = {
			isa = PBXVariantGroup;
			children = (
				5158BDBB1568111A00EEBAD6 /* en */,
			);
			name = InfoPlist.strings;
			sourceTree = "<group>";
		};
		5158BDC61568111A00EEBAD6 /* MainMenu.xib */ = {
			isa = PBXVariantGroup;
			children = (
				5158BDC71568111A00EEBAD6 /* en */,
			);
			name = MainMenu.xib;
			sourceTree = "<group>";
		};
		516BEA5E15726A7B0085B4BA /* NAKL-Info.plist */ = {
			isa = PBXVariantGroup;
			children = (
				516BEA5D15726A7B0085B4BA /* en */,
				516BEA6115726BA20085B4BA /* vi */,
			);
			name = "NAKL-Info.plist";
			sourceTree = "<group>";
		};
		516BEA6415726BC70085B4BA /* Preferences.xib */ = {
			isa = PBXVariantGroup;
			children = (
				516BEA6315726BC70085B4BA /* en */,
				516BEA6515726BDD0085B4BA /* vi */,
			);
			name = Preferences.xib;
			sourceTree = "<group>";
		};
		5189A8F21570CEE400327B99 /* ShortcutRecorder.strings */ = {
			isa = PBXVariantGroup;
			children = (
				5189A8F31570CEE400327B99 /* en */,
			);
			name = ShortcutRecorder.strings;
			sourceTree = "<group>";
		};
/* End PBXVariantGroup section */

/* Begin XCBuildConfiguration section */
		5158BDC91568111A00EEBAD6 /* Debug */ = {
			isa = XCBuildConfiguration;
			buildSettings = {
				ALWAYS_SEARCH_USER_PATHS = NO;
				ARCHS = "$(ARCHS_STANDARD_64_BIT)";
				CLANG_ENABLE_OBJC_ARC = YES;
				COPY_PHASE_STRIP = NO;
				GCC_C_LANGUAGE_STANDARD = gnu99;
				GCC_DYNAMIC_NO_PIC = NO;
				GCC_ENABLE_OBJC_EXCEPTIONS = YES;
				GCC_OPTIMIZATION_LEVEL = 0;
				GCC_PREPROCESSOR_DEFINITIONS = (
					"DEBUG=1",
					"$(inherited)",
				);
				GCC_SYMBOLS_PRIVATE_EXTERN = NO;
				GCC_VERSION = com.apple.compilers.llvm.clang.1_0;
				GCC_WARN_64_TO_32_BIT_CONVERSION = YES;
				GCC_WARN_ABOUT_RETURN_TYPE = YES;
				GCC_WARN_UNINITIALIZED_AUTOS = YES;
				GCC_WARN_UNUSED_VARIABLE = YES;
				MACOSX_DEPLOYMENT_TARGET = 10.5;
				ONLY_ACTIVE_ARCH = YES;
				SDKROOT = macosx10.6;
			};
			name = Debug;
		};
		5158BDCA1568111A00EEBAD6 /* Release */ = {
			isa = XCBuildConfiguration;
			buildSettings = {
				ALWAYS_SEARCH_USER_PATHS = NO;
				ARCHS = "$(ARCHS_STANDARD_64_BIT)";
				CLANG_ENABLE_OBJC_ARC = YES;
				COPY_PHASE_STRIP = YES;
				DEBUG_INFORMATION_FORMAT = "dwarf-with-dsym";
				GCC_C_LANGUAGE_STANDARD = gnu99;
				GCC_ENABLE_OBJC_EXCEPTIONS = YES;
				GCC_VERSION = com.apple.compilers.llvm.clang.1_0;
				GCC_WARN_64_TO_32_BIT_CONVERSION = YES;
				GCC_WARN_ABOUT_RETURN_TYPE = YES;
				GCC_WARN_UNINITIALIZED_AUTOS = YES;
				GCC_WARN_UNUSED_VARIABLE = YES;
				MACOSX_DEPLOYMENT_TARGET = 10.5;
				SDKROOT = macosx10.6;
			};
			name = Release;
		};
		5158BDCC1568111A00EEBAD6 /* Debug */ = {
			isa = XCBuildConfiguration;
			buildSettings = {
				ARCHS = "$(ARCHS_STANDARD_32_64_BIT)";
				CLANG_ENABLE_OBJC_ARC = NO;
				CURRENT_PROJECT_VERSION = 38;
				GCC_PRECOMPILE_PREFIX_HEADER = YES;
				GCC_PREFIX_HEADER = "NAKL/NAKL-Prefix.pch";
				INFOPLIST_FILE = "NAKL/NAKL-Info.plist";
				MACOSX_DEPLOYMENT_TARGET = 10.5;
				PRODUCT_NAME = NAKL;
				VERSIONING_SYSTEM = "apple-generic";
				WRAPPER_EXTENSION = app;
			};
			name = Debug;
		};
		5158BDCD1568111A00EEBAD6 /* Release */ = {
			isa = XCBuildConfiguration;
			buildSettings = {
				ARCHS = "$(ARCHS_STANDARD_32_64_BIT)";
				CLANG_ENABLE_OBJC_ARC = NO;
				CURRENT_PROJECT_VERSION = 38;
				GCC_PRECOMPILE_PREFIX_HEADER = YES;
				GCC_PREFIX_HEADER = "NAKL/NAKL-Prefix.pch";
				INFOPLIST_FILE = "NAKL/NAKL-Info.plist";
				MACOSX_DEPLOYMENT_TARGET = 10.5;
				PRODUCT_NAME = NAKL;
				VERSIONING_SYSTEM = "apple-generic";
				WRAPPER_EXTENSION = app;
			};
			name = Release;
		};
/* End XCBuildConfiguration section */

/* Begin XCConfigurationList section */
		5158BDA71568111A00EEBAD6 /* Build configuration list for PBXProject "NAKL" */ = {
			isa = XCConfigurationList;
			buildConfigurations = (
				5158BDC91568111A00EEBAD6 /* Debug */,
				5158BDCA1568111A00EEBAD6 /* Release */,
			);
			defaultConfigurationIsVisible = 0;
			defaultConfigurationName = Release;
		};
		5158BDCB1568111A00EEBAD6 /* Build configuration list for PBXNativeTarget "NAKL" */ = {
			isa = XCConfigurationList;
			buildConfigurations = (
				5158BDCC1568111A00EEBAD6 /* Debug */,
				5158BDCD1568111A00EEBAD6 /* Release */,
			);
			defaultConfigurationIsVisible = 0;
			defaultConfigurationName = Release;
		};
/* End XCConfigurationList section */
	};
	rootObject = 5158BDA41568111A00EEBAD6 /* Project object */;
}
